
Microsoft Visual Studio Solution File, Format Version 12.00
# Visual Studio Version 16
VisualStudioVersion = 16.0.31229.75
MinimumVisualStudioVersion = 10.0.40219.1
Project("{FAE04EC0-301F-11D3-BF4B-00C04F79EFBC}") = "RTrim", "RTrim\RTrim.csproj", "{FA678D88-55C0-4271-A677-74A93E549F56}"
EndProject
Project("{FAE04EC0-301F-11D3-BF4B-00C04F79EFBC}") = "RTrimApp", "RTrimApp\RTrimApp.csproj", "{933868EF-DA8D-4950-BA70-75CF817C34FA}"
EndProject
Global
	GlobalSection(SolutionConfigurationPlatforms) = preSolution
		Debug|Any CPU = Debug|Any CPU
		Release|Any CPU = Release|Any CPU
	EndGlobalSection
	GlobalSection(ProjectConfigurationPlatforms) = postSolution
		{FA678D88-55C0-4271-A677-74A93E549F56}.Debug|Any CPU.ActiveCfg = Debug|Any CPU
		{FA678D88-55C0-4271-A677-74A93E549F56}.Debug|Any CPU.Build.0 = Debug|Any CPU
		{FA678D88-55C0-4271-A677-74A93E549F56}.Release|Any CPU.ActiveCfg = Release|Any CPU
		{FA678D88-55C0-4271-A677-74A93E549F56}.Release|Any CPU.Build.0 = Release|Any CPU
		{933868EF-DA8D-4950-BA70-75CF817C34FA}.Debug|Any CPU.ActiveCfg = Debug|Any CPU
		{933868EF-DA8D-4950-BA70-75CF817C34FA}.Debug|Any CPU.Build.0 = Debug|Any CPU
		{933868EF-DA8D-4950-BA70-75CF817C34FA}.Release|Any CPU.ActiveCfg = Release|Any CPU
		{933868EF-DA8D-4950-BA70-75CF817C34FA}.Release|Any CPU.Build.0 = Release|Any CPU
	EndGlobalSection
	GlobalSection(SolutionProperties) = preSolution
		HideSolutionNode = FALSE
	EndGlobalSection
	GlobalSection(ExtensibilityGlobals) = postSolution
		SolutionGuid = {686798F9-ECF1-46AC-BB55-03186BAE38E3}
	EndGlobalSection
EndGlobal
